
Microsoft Visual Studio Solution File, Format Version 12.00
# Visual Studio Version 16
VisualStudioVersion = 16.0.31321.278
MinimumVisualStudioVersion = 10.0.40219.1
Project("{FAE04EC0-301F-11D3-BF4B-00C04F79EFBC}") = "Aula1Configuracao", "CursoNFeNFCeDllDFeNET\Aula1Configuracao.csproj", "{874B981D-D7D6-44C6-BB57-25B01B2F04B5}"
EndProject
Project("{FAE04EC0-301F-11D3-BF4B-00C04F79EFBC}") = "Aula2ConsultaStatus", "Aula2ConsultaStatus\Aula2ConsultaStatus.csproj", "{F91F8508-A0F2-4A4F-B344-7EFF46AF4A47}"
EndProject
Global
	GlobalSection(SolutionConfigurationPlatforms) = preSolution
		Debug|Any CPU = Debug|Any CPU
		Release|Any CPU = Release|Any CPU
	EndGlobalSection
	GlobalSection(ProjectConfigurationPlatforms) = postSolution
		{874B981D-D7D6-44C6-BB57-25B01B2F04B5}.Debug|Any CPU.ActiveCfg = Debug|Any CPU
		{874B981D-D7D6-44C6-BB57-25B01B2F04B5}.Debug|Any CPU.Build.0 = Debug|Any CPU
		{874B981D-D7D6-44C6-BB57-25B01B2F04B5}.Release|Any CPU.ActiveCfg = Release|Any CPU
		{874B981D-D7D6-44C6-BB57-25B01B2F04B5}.Release|Any CPU.Build.0 = Release|Any CPU
		{F91F8508-A0F2-4A4F-B344-7EFF46AF4A47}.Debug|Any CPU.ActiveCfg = Debug|Any CPU
		{F91F8508-A0F2-4A4F-B344-7EFF46AF4A47}.Debug|Any CPU.Build.0 = Debug|Any CPU
		{F91F8508-A0F2-4A4F-B344-7EFF46AF4A47}.Release|Any CPU.ActiveCfg = Release|Any CPU
		{F91F8508-A0F2-4A4F-B344-7EFF46AF4A47}.Release|Any CPU.Build.0 = Release|Any CPU
	EndGlobalSection
	GlobalSection(SolutionProperties) = preSolution
		HideSolutionNode = FALSE
	EndGlobalSection
	GlobalSection(ExtensibilityGlobals) = postSolution
		SolutionGuid = {80916A91-3228-4516-BF76-ADF9CA4CFEE5}
	EndGlobalSection
EndGlobal
